
Microsoft Visual Studio Solution File, Format Version 12.00
# Visual Studio Version 17
VisualStudioVersion = 17.9.34622.214
MinimumVisualStudioVersion = 10.0.40219.1
Project("{FAE04EC0-301F-11D3-BF4B-00C04F79EFBC}") = "Experiment With Controls", "Experiment With Controls\Experiment With Controls.csproj", "{D3D9864F-1F24-4D82-8159-4319A657095E}"
EndProject
Global
	GlobalSection(SolutionConfigurationPlatforms) = preSolution
		Debug|Any CPU = Debug|Any CPU
		Release|Any CPU = Release|Any CPU
	EndGlobalSection
	GlobalSection(ProjectConfigurationPlatforms) = postSolution
		{D3D9864F-1F24-4D82-8159-4319A657095E}.Debug|Any CPU.ActiveCfg = Debug|Any CPU
		{D3D9864F-1F24-4D82-8159-4319A657095E}.Debug|Any CPU.Build.0 = Debug|Any CPU
		{D3D9864F-1F24-4D82-8159-4319A657095E}.Release|Any CPU.ActiveCfg = Release|Any CPU
		{D3D9864F-1F24-4D82-8159-4319A657095E}.Release|Any CPU.Build.0 = Release|Any CPU
	EndGlobalSection
	GlobalSection(SolutionProperties) = preSolution
		HideSolutionNode = FALSE
	EndGlobalSection
	GlobalSection(ExtensibilityGlobals) = postSolution
		SolutionGuid = {659E3BFE-54DE-4AAC-AE55-07B600C7B660}
	EndGlobalSection
EndGlobal
